// !$*UTF8*$!
{
	archiveVersion = 1;
	classes = {
	};
	objectVersion = 46;
	objects = {

/* Begin PBXBuildFile section */
		38B400990F9E4C57B14F6228 /* libPods.a in Frameworks */ = {isa = PBXBuildFile; fileRef = 56F33D78BD17F6A98EACB535 /* libPods.a */; };
		6D7D2C571B5DCDF2005DBBC3 /* libRestKit.a in Frameworks */ = {isa = PBXBuildFile; fileRef = 6D7D2C561B5DCDF2005DBBC3 /* libRestKit.a */; };
		6D7D2CBD1B6007F6005DBBC3 /* CFNetwork.framework in Frameworks */ = {isa = PBXBuildFile; fileRef = 6D7D2CBC1B6007F6005DBBC3 /* CFNetwork.framework */; };
		6D7D2CBF1B600801005DBBC3 /* CoreData.framework in Frameworks */ = {isa = PBXBuildFile; fileRef = 6D7D2CBE1B600801005DBBC3 /* CoreData.framework */; };
		6D7D2CC11B600815005DBBC3 /* MobileCoreServices.framework in Frameworks */ = {isa = PBXBuildFile; fileRef = 6D7D2CC01B600815005DBBC3 /* MobileCoreServices.framework */; };
		6D7D2CC31B60081C005DBBC3 /* Security.framework in Frameworks */ = {isa = PBXBuildFile; fileRef = 6D7D2CC21B60081C005DBBC3 /* Security.framework */; };
		6D7D2CC51B60082B005DBBC3 /* SystemConfiguration.framework in Frameworks */ = {isa = PBXBuildFile; fileRef = 6D7D2CC41B60082B005DBBC3 /* SystemConfiguration.framework */; };
		6D7D2CC71B60083C005DBBC3 /* QuartzCore.framework in Frameworks */ = {isa = PBXBuildFile; fileRef = 6D7D2CC61B60083C005DBBC3 /* QuartzCore.framework */; };
		6D7D2CC91B60084F005DBBC3 /* libxml2.dylib in Frameworks */ = {isa = PBXBuildFile; fileRef = 6D7D2CC81B60084F005DBBC3 /* libxml2.dylib */; };
		6D7D2CCC1B6009D1005DBBC3 /* Model.xcdatamodeld in Sources */ = {isa = PBXBuildFile; fileRef = 6D7D2CCA1B6009D1005DBBC3 /* Model.xcdatamodeld */; };
		6D7D2CD61B600EF6005DBBC3 /* Program.m in Sources */ = {isa = PBXBuildFile; fileRef = 6D7D2CD51B600EF6005DBBC3 /* Program.m */; };
		6D7D2CD91B601860005DBBC3 /* RestKitTableViewController.m in Sources */ = {isa = PBXBuildFile; fileRef = 6D7D2CD81B601860005DBBC3 /* RestKitTableViewController.m */; };
		6D90100D1B4222EC00736223 /* main.m in Sources */ = {isa = PBXBuildFile; fileRef = 6D90100C1B4222EC00736223 /* main.m */; };
		6D9010101B4222EC00736223 /* AppDelegate.m in Sources */ = {isa = PBXBuildFile; fileRef = 6D90100F1B4222EC00736223 /* AppDelegate.m */; };
		6D9010131B4222EC00736223 /* ViewController.m in Sources */ = {isa = PBXBuildFile; fileRef = 6D9010121B4222EC00736223 /* ViewController.m */; };
		6D9010161B4222EC00736223 /* Main.storyboard in Resources */ = {isa = PBXBuildFile; fileRef = 6D9010141B4222EC00736223 /* Main.storyboard */; };
		6D9010181B4222EC00736223 /* Images.xcassets in Resources */ = {isa = PBXBuildFile; fileRef = 6D9010171B4222EC00736223 /* Images.xcassets */; };
		6D90101B1B4222EC00736223 /* LaunchScreen.xib in Resources */ = {isa = PBXBuildFile; fileRef = 6D9010191B4222EC00736223 /* LaunchScreen.xib */; };
		6D9010271B4222EC00736223 /* msse652Tests.m in Sources */ = {isa = PBXBuildFile; fileRef = 6D9010261B4222EC00736223 /* msse652Tests.m */; };
		6D9010321B42257F00736223 /* FirstViewController.m in Sources */ = {isa = PBXBuildFile; fileRef = 6D9010311B42257F00736223 /* FirstViewController.m */; };
		6D9010351B42259100736223 /* SecondViewController.m in Sources */ = {isa = PBXBuildFile; fileRef = 6D9010341B42259100736223 /* SecondViewController.m */; };
		6DC1A6BD1B501D38004B14D9 /* ProgramsTableViewController.m in Sources */ = {isa = PBXBuildFile; fileRef = 6DC1A6BC1B501D38004B14D9 /* ProgramsTableViewController.m */; };
		6DC1A6C01B501D52004B14D9 /* CoursesTableViewController.m in Sources */ = {isa = PBXBuildFile; fileRef = 6DC1A6BF1B501D52004B14D9 /* CoursesTableViewController.m */; };
		6DC1A6C71B5097E8004B14D9 /* Course.m in Sources */ = {isa = PBXBuildFile; fileRef = 6DC1A6C61B5097E8004B14D9 /* Course.m */; };
		6DC1A6CB1B51B176004B14D9 /* CourseDetailViewController.m in Sources */ = {isa = PBXBuildFile; fileRef = 6DC1A6CA1B51B176004B14D9 /* CourseDetailViewController.m */; };
		6DE9E7511B681AA70067C131 /* Social.framework in Frameworks */ = {isa = PBXBuildFile; fileRef = 6DE9E7501B681AA70067C131 /* Social.framework */; };
		6DE9E75B1B682BCE0067C131 /* FBViewController.m in Sources */ = {isa = PBXBuildFile; fileRef = 6DE9E75A1B682BCE0067C131 /* FBViewController.m */; };
		6DE9E75E1B6847A00067C131 /* TWViewController.m in Sources */ = {isa = PBXBuildFile; fileRef = 6DE9E75D1B6847A00067C131 /* TWViewController.m */; };
		6DE9E7611B693A2E0067C131 /* Pgm.m in Sources */ = {isa = PBXBuildFile; fileRef = 6DE9E7601B693A2E0067C131 /* Pgm.m */; };
		6DE9E7641B697CF40067C131 /* MSSE652TabBarController.m in Sources */ = {isa = PBXBuildFile; fileRef = 6DE9E7631B697CF40067C131 /* MSSE652TabBarController.m */; };
		6DE9E7671B6C3CD70067C131 /* iCloudTableViewController.m in Sources */ = {isa = PBXBuildFile; fileRef = 6DE9E7661B6C3CD70067C131 /* iCloudTableViewController.m */; };
		6DE9E76D1B6D24A00067C131 /* CloudKit.framework in Frameworks */ = {isa = PBXBuildFile; fileRef = 6DE9E76C1B6D24A00067C131 /* CloudKit.framework */; };
		6DE9E7701B7267810067C131 /* AddNoteTableViewController.m in Sources */ = {isa = PBXBuildFile; fileRef = 6DE9E76F1B7267810067C131 /* AddNoteTableViewController.m */; };
		6DE9E7731B7296950067C131 /* Note.m in Sources */ = {isa = PBXBuildFile; fileRef = 6DE9E7721B7296950067C131 /* Note.m */; };
		6DE9E7761B729D6A0067C131 /* ShowNoteViewController.m in Sources */ = {isa = PBXBuildFile; fileRef = 6DE9E7751B729D6A0067C131 /* ShowNoteViewController.m */; };
/* End PBXBuildFile section */

/* Begin PBXContainerItemProxy section */
		6D9010211B4222EC00736223 /* PBXContainerItemProxy */ = {
			isa = PBXContainerItemProxy;
			containerPortal = 6D900FFF1B4222EC00736223 /* Project object */;
			proxyType = 1;
			remoteGlobalIDString = 6D9010061B4222EC00736223;
			remoteInfo = msse652;
		};
/* End PBXContainerItemProxy section */

/* Begin PBXFileReference section */
		107145F537688B660CF14D6E /* Pods.debug.xcconfig */ = {isa = PBXFileReference; includeInIndex = 1; lastKnownFileType = text.xcconfig; name = Pods.debug.xcconfig; path = "Pods/Target Support Files/Pods/Pods.debug.xcconfig"; sourceTree = "<group>"; };
		56F33D78BD17F6A98EACB535 /* libPods.a */ = {isa = PBXFileReference; explicitFileType = archive.ar; includeInIndex = 0; path = libPods.a; sourceTree = BUILT_PRODUCTS_DIR; };
		6D7D2C561B5DCDF2005DBBC3 /* libRestKit.a */ = {isa = PBXFileReference; lastKnownFileType = archive.ar; name = libRestKit.a; path = "Pods/../build/Debug-iphoneos/libRestKit.a"; sourceTree = "<group>"; };
		6D7D2CBC1B6007F6005DBBC3 /* CFNetwork.framework */ = {isa = PBXFileReference; lastKnownFileType = wrapper.framework; name = CFNetwork.framework; path = System/Library/Frameworks/CFNetwork.framework; sourceTree = SDKROOT; };
		6D7D2CBE1B600801005DBBC3 /* CoreData.framework */ = {isa = PBXFileReference; lastKnownFileType = wrapper.framework; name = CoreData.framework; path = System/Library/Frameworks/CoreData.framework; sourceTree = SDKROOT; };
		6D7D2CC01B600815005DBBC3 /* MobileCoreServices.framework */ = {isa = PBXFileReference; lastKnownFileType = wrapper.framework; name = MobileCoreServices.framework; path = System/Library/Frameworks/MobileCoreServices.framework; sourceTree = SDKROOT; };
		6D7D2CC21B60081C005DBBC3 /* Security.framework */ = {isa = PBXFileReference; lastKnownFileType = wrapper.framework; name = Security.framework; path = System/Library/Frameworks/Security.framework; sourceTree = SDKROOT; };
		6D7D2CC41B60082B005DBBC3 /* SystemConfiguration.framework */ = {isa = PBXFileReference; lastKnownFileType = wrapper.framework; name = SystemConfiguration.framework; path = System/Library/Frameworks/SystemConfiguration.framework; sourceTree = SDKROOT; };
		6D7D2CC61B60083C005DBBC3 /* QuartzCore.framework */ = {isa = PBXFileReference; lastKnownFileType = wrapper.framework; name = QuartzCore.framework; path = System/Library/Frameworks/QuartzCore.framework; sourceTree = SDKROOT; };
		6D7D2CC81B60084F005DBBC3 /* libxml2.dylib */ = {isa = PBXFileReference; lastKnownFileType = "compiled.mach-o.dylib"; name = libxml2.dylib; path = usr/lib/libxml2.dylib; sourceTree = SDKROOT; };
		6D7D2CCB1B6009D1005DBBC3 /* Model.xcdatamodel */ = {isa = PBXFileReference; lastKnownFileType = wrapper.xcdatamodel; path = Model.xcdatamodel; sourceTree = "<group>"; };
		6D7D2CD41B600EF6005DBBC3 /* Program.h */ = {isa = PBXFileReference; fileEncoding = 4; lastKnownFileType = sourcecode.c.h; path = Program.h; sourceTree = "<group>"; };
		6D7D2CD51B600EF6005DBBC3 /* Program.m */ = {isa = PBXFileReference; fileEncoding = 4; lastKnownFileType = sourcecode.c.objc; path = Program.m; sourceTree = "<group>"; };
		6D7D2CD71B601860005DBBC3 /* RestKitTableViewController.h */ = {isa = PBXFileReference; fileEncoding = 4; lastKnownFileType = sourcecode.c.h; name = RestKitTableViewController.h; path = msse652/RestKitTableViewController.h; sourceTree = "<group>"; };
		6D7D2CD81B601860005DBBC3 /* RestKitTableViewController.m */ = {isa = PBXFileReference; fileEncoding = 4; lastKnownFileType = sourcecode.c.objc; name = RestKitTableViewController.m; path = msse652/RestKitTableViewController.m; sourceTree = "<group>"; };
		6D9010071B4222EC00736223 /* msse652.app */ = {isa = PBXFileReference; explicitFileType = wrapper.application; includeInIndex = 0; path = msse652.app; sourceTree = BUILT_PRODUCTS_DIR; };
		6D90100B1B4222EC00736223 /* Info.plist */ = {isa = PBXFileReference; lastKnownFileType = text.plist.xml; path = Info.plist; sourceTree = "<group>"; };
		6D90100C1B4222EC00736223 /* main.m */ = {isa = PBXFileReference; lastKnownFileType = sourcecode.c.objc; path = main.m; sourceTree = "<group>"; };
		6D90100E1B4222EC00736223 /* AppDelegate.h */ = {isa = PBXFileReference; lastKnownFileType = sourcecode.c.h; path = AppDelegate.h; sourceTree = "<group>"; };
		6D90100F1B4222EC00736223 /* AppDelegate.m */ = {isa = PBXFileReference; lastKnownFileType = sourcecode.c.objc; path = AppDelegate.m; sourceTree = "<group>"; };
		6D9010111B4222EC00736223 /* ViewController.h */ = {isa = PBXFileReference; lastKnownFileType = sourcecode.c.h; path = ViewController.h; sourceTree = "<group>"; };
		6D9010121B4222EC00736223 /* ViewController.m */ = {isa = PBXFileReference; lastKnownFileType = sourcecode.c.objc; path = ViewController.m; sourceTree = "<group>"; };
		6D9010151B4222EC00736223 /* Base */ = {isa = PBXFileReference; lastKnownFileType = file.storyboard; name = Base; path = Base.lproj/Main.storyboard; sourceTree = "<group>"; };
		6D9010171B4222EC00736223 /* Images.xcassets */ = {isa = PBXFileReference; lastKnownFileType = folder.assetcatalog; path = Images.xcassets; sourceTree = "<group>"; };
		6D90101A1B4222EC00736223 /* Base */ = {isa = PBXFileReference; lastKnownFileType = file.xib; name = Base; path = Base.lproj/LaunchScreen.xib; sourceTree = "<group>"; };
		6D9010201B4222EC00736223 /* msse652Tests.xctest */ = {isa = PBXFileReference; explicitFileType = wrapper.cfbundle; includeInIndex = 0; path = msse652Tests.xctest; sourceTree = BUILT_PRODUCTS_DIR; };
		6D9010251B4222EC00736223 /* Info.plist */ = {isa = PBXFileReference; lastKnownFileType = text.plist.xml; path = Info.plist; sourceTree = "<group>"; };
		6D9010261B4222EC00736223 /* msse652Tests.m */ = {isa = PBXFileReference; lastKnownFileType = sourcecode.c.objc; path = msse652Tests.m; sourceTree = "<group>"; };
		6D9010301B42257F00736223 /* FirstViewController.h */ = {isa = PBXFileReference; fileEncoding = 4; lastKnownFileType = sourcecode.c.h; name = FirstViewController.h; path = msse652/FirstViewController.h; sourceTree = "<group>"; };
		6D9010311B42257F00736223 /* FirstViewController.m */ = {isa = PBXFileReference; fileEncoding = 4; lastKnownFileType = sourcecode.c.objc; name = FirstViewController.m; path = msse652/FirstViewController.m; sourceTree = "<group>"; };
		6D9010331B42259100736223 /* SecondViewController.h */ = {isa = PBXFileReference; fileEncoding = 4; lastKnownFileType = sourcecode.c.h; name = SecondViewController.h; path = msse652/SecondViewController.h; sourceTree = "<group>"; };
		6D9010341B42259100736223 /* SecondViewController.m */ = {isa = PBXFileReference; fileEncoding = 4; lastKnownFileType = sourcecode.c.objc; name = SecondViewController.m; path = msse652/SecondViewController.m; sourceTree = "<group>"; };
		6DC1A6BB1B501D38004B14D9 /* ProgramsTableViewController.h */ = {isa = PBXFileReference; fileEncoding = 4; lastKnownFileType = sourcecode.c.h; path = ProgramsTableViewController.h; sourceTree = "<group>"; };
		6DC1A6BC1B501D38004B14D9 /* ProgramsTableViewController.m */ = {isa = PBXFileReference; fileEncoding = 4; lastKnownFileType = sourcecode.c.objc; path = ProgramsTableViewController.m; sourceTree = "<group>"; };
		6DC1A6BE1B501D52004B14D9 /* CoursesTableViewController.h */ = {isa = PBXFileReference; fileEncoding = 4; lastKnownFileType = sourcecode.c.h; path = CoursesTableViewController.h; sourceTree = "<group>"; };
		6DC1A6BF1B501D52004B14D9 /* CoursesTableViewController.m */ = {isa = PBXFileReference; fileEncoding = 4; lastKnownFileType = sourcecode.c.objc; path = CoursesTableViewController.m; sourceTree = "<group>"; };
		6DC1A6C51B5097E8004B14D9 /* Course.h */ = {isa = PBXFileReference; fileEncoding = 4; lastKnownFileType = sourcecode.c.h; path = Course.h; sourceTree = "<group>"; };
		6DC1A6C61B5097E8004B14D9 /* Course.m */ = {isa = PBXFileReference; fileEncoding = 4; lastKnownFileType = sourcecode.c.objc; path = Course.m; sourceTree = "<group>"; };
		6DC1A6C91B51B176004B14D9 /* CourseDetailViewController.h */ = {isa = PBXFileReference; fileEncoding = 4; lastKnownFileType = sourcecode.c.h; path = CourseDetailViewController.h; sourceTree = "<group>"; };
		6DC1A6CA1B51B176004B14D9 /* CourseDetailViewController.m */ = {isa = PBXFileReference; fileEncoding = 4; lastKnownFileType = sourcecode.c.objc; path = CourseDetailViewController.m; sourceTree = "<group>"; };
		6DE9E7501B681AA70067C131 /* Social.framework */ = {isa = PBXFileReference; lastKnownFileType = wrapper.framework; name = Social.framework; path = System/Library/Frameworks/Social.framework; sourceTree = SDKROOT; };
		6DE9E7591B682BCE0067C131 /* FBViewController.h */ = {isa = PBXFileReference; fileEncoding = 4; lastKnownFileType = sourcecode.c.h; path = FBViewController.h; sourceTree = "<group>"; };
		6DE9E75A1B682BCE0067C131 /* FBViewController.m */ = {isa = PBXFileReference; fileEncoding = 4; lastKnownFileType = sourcecode.c.objc; path = FBViewController.m; sourceTree = "<group>"; };
		6DE9E75C1B6847A00067C131 /* TWViewController.h */ = {isa = PBXFileReference; fileEncoding = 4; lastKnownFileType = sourcecode.c.h; path = TWViewController.h; sourceTree = "<group>"; };
		6DE9E75D1B6847A00067C131 /* TWViewController.m */ = {isa = PBXFileReference; fileEncoding = 4; lastKnownFileType = sourcecode.c.objc; path = TWViewController.m; sourceTree = "<group>"; };
		6DE9E75F1B693A2E0067C131 /* Pgm.h */ = {isa = PBXFileReference; fileEncoding = 4; lastKnownFileType = sourcecode.c.h; path = Pgm.h; sourceTree = "<group>"; };
		6DE9E7601B693A2E0067C131 /* Pgm.m */ = {isa = PBXFileReference; fileEncoding = 4; lastKnownFileType = sourcecode.c.objc; path = Pgm.m; sourceTree = "<group>"; };
		6DE9E7621B697CF40067C131 /* MSSE652TabBarController.h */ = {isa = PBXFileReference; fileEncoding = 4; lastKnownFileType = sourcecode.c.h; path = MSSE652TabBarController.h; sourceTree = "<group>"; };
		6DE9E7631B697CF40067C131 /* MSSE652TabBarController.m */ = {isa = PBXFileReference; fileEncoding = 4; lastKnownFileType = sourcecode.c.objc; path = MSSE652TabBarController.m; sourceTree = "<group>"; };
		6DE9E7651B6C3CD70067C131 /* iCloudTableViewController.h */ = {isa = PBXFileReference; fileEncoding = 4; lastKnownFileType = sourcecode.c.h; path = iCloudTableViewController.h; sourceTree = "<group>"; };
		6DE9E7661B6C3CD70067C131 /* iCloudTableViewController.m */ = {isa = PBXFileReference; fileEncoding = 4; lastKnownFileType = sourcecode.c.objc; path = iCloudTableViewController.m; sourceTree = "<group>"; };
		6DE9E76B1B6D24570067C131 /* msse652.entitlements */ = {isa = PBXFileReference; lastKnownFileType = text.xml; path = msse652.entitlements; sourceTree = "<group>"; };
		6DE9E76C1B6D24A00067C131 /* CloudKit.framework */ = {isa = PBXFileReference; lastKnownFileType = wrapper.framework; name = CloudKit.framework; path = System/Library/Frameworks/CloudKit.framework; sourceTree = SDKROOT; };
		6DE9E76E1B7267810067C131 /* AddNoteTableViewController.h */ = {isa = PBXFileReference; fileEncoding = 4; lastKnownFileType = sourcecode.c.h; path = AddNoteTableViewController.h; sourceTree = "<group>"; };
		6DE9E76F1B7267810067C131 /* AddNoteTableViewController.m */ = {isa = PBXFileReference; fileEncoding = 4; lastKnownFileType = sourcecode.c.objc; path = AddNoteTableViewController.m; sourceTree = "<group>"; };
		6DE9E7711B7296950067C131 /* Note.h */ = {isa = PBXFileReference; fileEncoding = 4; lastKnownFileType = sourcecode.c.h; path = Note.h; sourceTree = "<group>"; };
		6DE9E7721B7296950067C131 /* Note.m */ = {isa = PBXFileReference; fileEncoding = 4; lastKnownFileType = sourcecode.c.objc; path = Note.m; sourceTree = "<group>"; };
		6DE9E7741B729D6A0067C131 /* ShowNoteViewController.h */ = {isa = PBXFileReference; fileEncoding = 4; lastKnownFileType = sourcecode.c.h; path = ShowNoteViewController.h; sourceTree = "<group>"; };
		6DE9E7751B729D6A0067C131 /* ShowNoteViewController.m */ = {isa = PBXFileReference; fileEncoding = 4; lastKnownFileType = sourcecode.c.objc; path = ShowNoteViewController.m; sourceTree = "<group>"; };
		AFCEA944CABEF99B85F27668 /* Pods.release.xcconfig */ = {isa = PBXFileReference; includeInIndex = 1; lastKnownFileType = text.xcconfig; name = Pods.release.xcconfig; path = "Pods/Target Support Files/Pods/Pods.release.xcconfig"; sourceTree = "<group>"; };
/* End PBXFileReference section */

/* Begin PBXFrameworksBuildPhase section */
		6D9010041B4222EC00736223 /* Frameworks */ = {
			isa = PBXFrameworksBuildPhase;
			buildActionMask = 2147483647;
			files = (
				6DE9E7511B681AA70067C131 /* Social.framework in Frameworks */,
				6D7D2CC91B60084F005DBBC3 /* libxml2.dylib in Frameworks */,
				6D7D2CC71B60083C005DBBC3 /* QuartzCore.framework in Frameworks */,
				6D7D2CC51B60082B005DBBC3 /* SystemConfiguration.framework in Frameworks */,
				6D7D2CC31B60081C005DBBC3 /* Security.framework in Frameworks */,
				6D7D2CC11B600815005DBBC3 /* MobileCoreServices.framework in Frameworks */,
				6D7D2CBF1B600801005DBBC3 /* CoreData.framework in Frameworks */,
				6DE9E76D1B6D24A00067C131 /* CloudKit.framework in Frameworks */,
				6D7D2CBD1B6007F6005DBBC3 /* CFNetwork.framework in Frameworks */,
				6D7D2C571B5DCDF2005DBBC3 /* libRestKit.a in Frameworks */,
				38B400990F9E4C57B14F6228 /* libPods.a in Frameworks */,
			);
			runOnlyForDeploymentPostprocessing = 0;
		};
		6D90101D1B4222EC00736223 /* Frameworks */ = {
			isa = PBXFrameworksBuildPhase;
			buildActionMask = 2147483647;
			files = (
			);
			runOnlyForDeploymentPostprocessing = 0;
		};
/* End PBXFrameworksBuildPhase section */

/* Begin PBXGroup section */
		6D7D2CCD1B600C8A005DBBC3 /* CoreDataModel */ = {
			isa = PBXGroup;
			children = (
			);
			name = CoreDataModel;
			sourceTree = "<group>";
		};
		6D900FFE1B4222EC00736223 = {
			isa = PBXGroup;
			children = (
				6D7D2CCD1B600C8A005DBBC3 /* CoreDataModel */,
				6D7D2CCA1B6009D1005DBBC3 /* Model.xcdatamodeld */,
				6DC1A6C81B50A153004B14D9 /* View Controllers */,
				6DC1A6C11B501D71004B14D9 /* Model */,
				6D9010091B4222EC00736223 /* msse652 */,
				6D9010231B4222EC00736223 /* msse652Tests */,
				6D9010081B4222EC00736223 /* Products */,
				91DE0D7D7692FE464C52F9AB /* Pods */,
				C13E6E2C7F2D4B0F229E54C5 /* Frameworks */,
			);
			sourceTree = "<group>";
		};
		6D9010081B4222EC00736223 /* Products */ = {
			isa = PBXGroup;
			children = (
				6D9010071B4222EC00736223 /* msse652.app */,
				6D9010201B4222EC00736223 /* msse652Tests.xctest */,
			);
			name = Products;
			sourceTree = "<group>";
		};
		6D9010091B4222EC00736223 /* msse652 */ = {
			isa = PBXGroup;
			children = (
				6DE9E76B1B6D24570067C131 /* msse652.entitlements */,
				6D90100E1B4222EC00736223 /* AppDelegate.h */,
				6D90100F1B4222EC00736223 /* AppDelegate.m */,
				6D9010111B4222EC00736223 /* ViewController.h */,
				6D9010121B4222EC00736223 /* ViewController.m */,
				6D9010141B4222EC00736223 /* Main.storyboard */,
				6D9010171B4222EC00736223 /* Images.xcassets */,
				6D9010191B4222EC00736223 /* LaunchScreen.xib */,
				6D90100A1B4222EC00736223 /* Supporting Files */,
			);
			path = msse652;
			sourceTree = "<group>";
		};
		6D90100A1B4222EC00736223 /* Supporting Files */ = {
			isa = PBXGroup;
			children = (
				6D90100B1B4222EC00736223 /* Info.plist */,
				6D90100C1B4222EC00736223 /* main.m */,
			);
			name = "Supporting Files";
			sourceTree = "<group>";
		};
		6D9010231B4222EC00736223 /* msse652Tests */ = {
			isa = PBXGroup;
			children = (
				6D9010261B4222EC00736223 /* msse652Tests.m */,
				6D9010241B4222EC00736223 /* Supporting Files */,
			);
			path = msse652Tests;
			sourceTree = "<group>";
		};
		6D9010241B4222EC00736223 /* Supporting Files */ = {
			isa = PBXGroup;
			children = (
				6D9010251B4222EC00736223 /* Info.plist */,
			);
			name = "Supporting Files";
			sourceTree = "<group>";
		};
		6DC1A6C11B501D71004B14D9 /* Model */ = {
			isa = PBXGroup;
			children = (
				6D7D2CD41B600EF6005DBBC3 /* Program.h */,
				6D7D2CD51B600EF6005DBBC3 /* Program.m */,
				6DC1A6C51B5097E8004B14D9 /* Course.h */,
				6DC1A6C61B5097E8004B14D9 /* Course.m */,
				6DE9E75F1B693A2E0067C131 /* Pgm.h */,
				6DE9E7601B693A2E0067C131 /* Pgm.m */,
				6DE9E7711B7296950067C131 /* Note.h */,
				6DE9E7721B7296950067C131 /* Note.m */,
			);
			name = Model;
			sourceTree = "<group>";
		};
		6DC1A6C81B50A153004B14D9 /* View Controllers */ = {
			isa = PBXGroup;
			children = (
				6D9010301B42257F00736223 /* FirstViewController.h */,
				6D9010311B42257F00736223 /* FirstViewController.m */,
				6D9010331B42259100736223 /* SecondViewController.h */,
				6D9010341B42259100736223 /* SecondViewController.m */,
				6DC1A6BB1B501D38004B14D9 /* ProgramsTableViewController.h */,
				6DC1A6BC1B501D38004B14D9 /* ProgramsTableViewController.m */,
				6DC1A6BE1B501D52004B14D9 /* CoursesTableViewController.h */,
				6DC1A6BF1B501D52004B14D9 /* CoursesTableViewController.m */,
				6DC1A6C91B51B176004B14D9 /* CourseDetailViewController.h */,
				6DC1A6CA1B51B176004B14D9 /* CourseDetailViewController.m */,
				6D7D2CD71B601860005DBBC3 /* RestKitTableViewController.h */,
				6D7D2CD81B601860005DBBC3 /* RestKitTableViewController.m */,
				6DE9E7591B682BCE0067C131 /* FBViewController.h */,
				6DE9E75A1B682BCE0067C131 /* FBViewController.m */,
				6DE9E75C1B6847A00067C131 /* TWViewController.h */,
				6DE9E75D1B6847A00067C131 /* TWViewController.m */,
				6DE9E7621B697CF40067C131 /* MSSE652TabBarController.h */,
				6DE9E7631B697CF40067C131 /* MSSE652TabBarController.m */,
				6DE9E7651B6C3CD70067C131 /* iCloudTableViewController.h */,
				6DE9E7661B6C3CD70067C131 /* iCloudTableViewController.m */,
				6DE9E76E1B7267810067C131 /* AddNoteTableViewController.h */,
				6DE9E76F1B7267810067C131 /* AddNoteTableViewController.m */,
				6DE9E7741B729D6A0067C131 /* ShowNoteViewController.h */,
				6DE9E7751B729D6A0067C131 /* ShowNoteViewController.m */,
			);
			name = "View Controllers";
			sourceTree = "<group>";
		};
		91DE0D7D7692FE464C52F9AB /* Pods */ = {
			isa = PBXGroup;
			children = (
				107145F537688B660CF14D6E /* Pods.debug.xcconfig */,
				AFCEA944CABEF99B85F27668 /* Pods.release.xcconfig */,
			);
			name = Pods;
			sourceTree = "<group>";
		};
		C13E6E2C7F2D4B0F229E54C5 /* Frameworks */ = {
			isa = PBXGroup;
			children = (
				6DE9E76C1B6D24A00067C131 /* CloudKit.framework */,
				6DE9E7501B681AA70067C131 /* Social.framework */,
				6D7D2CC81B60084F005DBBC3 /* libxml2.dylib */,
				6D7D2CC61B60083C005DBBC3 /* QuartzCore.framework */,
				6D7D2CC41B60082B005DBBC3 /* SystemConfiguration.framework */,
				6D7D2CC21B60081C005DBBC3 /* Security.framework */,
				6D7D2CC01B600815005DBBC3 /* MobileCoreServices.framework */,
				6D7D2CBE1B600801005DBBC3 /* CoreData.framework */,
				6D7D2CBC1B6007F6005DBBC3 /* CFNetwork.framework */,
				6D7D2C561B5DCDF2005DBBC3 /* libRestKit.a */,
				56F33D78BD17F6A98EACB535 /* libPods.a */,
			);
			name = Frameworks;
			sourceTree = "<group>";
		};
/* End PBXGroup section */

/* Begin PBXNativeTarget section */
		6D9010061B4222EC00736223 /* msse652 */ = {
			isa = PBXNativeTarget;
			buildConfigurationList = 6D90102A1B4222EC00736223 /* Build configuration list for PBXNativeTarget "msse652" */;
			buildPhases = (
				282D2C4535D7146A100D33C8 /* Check Pods Manifest.lock */,
				6D9010031B4222EC00736223 /* Sources */,
				6D9010041B4222EC00736223 /* Frameworks */,
				6D9010051B4222EC00736223 /* Resources */,
				513762EF0CFD5E78779EBA5F /* Copy Pods Resources */,
			);
			buildRules = (
			);
			dependencies = (
			);
			name = msse652;
			productName = msse652;
			productReference = 6D9010071B4222EC00736223 /* msse652.app */;
			productType = "com.apple.product-type.application";
		};
		6D90101F1B4222EC00736223 /* msse652Tests */ = {
			isa = PBXNativeTarget;
			buildConfigurationList = 6D90102D1B4222EC00736223 /* Build configuration list for PBXNativeTarget "msse652Tests" */;
			buildPhases = (
				6D90101C1B4222EC00736223 /* Sources */,
				6D90101D1B4222EC00736223 /* Frameworks */,
				6D90101E1B4222EC00736223 /* Resources */,
			);
			buildRules = (
			);
			dependencies = (
				6D9010221B4222EC00736223 /* PBXTargetDependency */,
			);
			name = msse652Tests;
			productName = msse652Tests;
			productReference = 6D9010201B4222EC00736223 /* msse652Tests.xctest */;
			productType = "com.apple.product-type.bundle.unit-test";
		};
/* End PBXNativeTarget section */

/* Begin PBXProject section */
		6D900FFF1B4222EC00736223 /* Project object */ = {
			isa = PBXProject;
			attributes = {
				LastUpgradeCheck = 0630;
				ORGANIZATIONNAME = msse650;
				TargetAttributes = {
					6D9010061B4222EC00736223 = {
						CreatedOnToolsVersion = 6.3.2;
						DevelopmentTeam = P96A547DPY;
						SystemCapabilities = {
							com.apple.iCloud = {
								enabled = 1;
							};
						};
					};
					6D90101F1B4222EC00736223 = {
						CreatedOnToolsVersion = 6.3.2;
						TestTargetID = 6D9010061B4222EC00736223;
					};
				};
			};
			buildConfigurationList = 6D9010021B4222EC00736223 /* Build configuration list for PBXProject "msse652" */;
			compatibilityVersion = "Xcode 3.2";
			developmentRegion = English;
			hasScannedForEncodings = 0;
			knownRegions = (
				en,
				Base,
			);
			mainGroup = 6D900FFE1B4222EC00736223;
			productRefGroup = 6D9010081B4222EC00736223 /* Products */;
			projectDirPath = "";
			projectRoot = "";
			targets = (
				6D9010061B4222EC00736223 /* msse652 */,
				6D90101F1B4222EC00736223 /* msse652Tests */,
			);
		};
/* End PBXProject section */

/* Begin PBXResourcesBuildPhase section */
		6D9010051B4222EC00736223 /* Resources */ = {
			isa = PBXResourcesBuildPhase;
			buildActionMask = 2147483647;
			files = (
				6D9010161B4222EC00736223 /* Main.storyboard in Resources */,
				6D90101B1B4222EC00736223 /* LaunchScreen.xib in Resources */,
				6D9010181B4222EC00736223 /* Images.xcassets in Resources */,
			);
			runOnlyForDeploymentPostprocessing = 0;
		};
		6D90101E1B4222EC00736223 /* Resources */ = {
			isa = PBXResourcesBuildPhase;
			buildActionMask = 2147483647;
			files = (
			);
			runOnlyForDeploymentPostprocessing = 0;
		};
/* End PBXResourcesBuildPhase section */

/* Begin PBXShellScriptBuildPhase section */
		282D2C4535D7146A100D33C8 /* Check Pods Manifest.lock */ = {
			isa = PBXShellScriptBuildPhase;
			buildActionMask = 2147483647;
			files = (
			);
			inputPaths = (
			);
			name = "Check Pods Manifest.lock";
			outputPaths = (
			);
			runOnlyForDeploymentPostprocessing = 0;
			shellPath = /bin/sh;
			shellScript = "diff \"${PODS_ROOT}/../Podfile.lock\" \"${PODS_ROOT}/Manifest.lock\" > /dev/null\nif [[ $? != 0 ]] ; then\n    cat << EOM\nerror: The sandbox is not in sync with the Podfile.lock. Run 'pod install' or update your CocoaPods installation.\nEOM\n    exit 1\nfi\n";
			showEnvVarsInLog = 0;
		};
		513762EF0CFD5E78779EBA5F /* Copy Pods Resources */ = {
			isa = PBXShellScriptBuildPhase;
			buildActionMask = 2147483647;
			files = (
			);
			inputPaths = (
			);
			name = "Copy Pods Resources";
			outputPaths = (
			);
			runOnlyForDeploymentPostprocessing = 0;
			shellPath = /bin/sh;
			shellScript = "\"${SRCROOT}/Pods/Target Support Files/Pods/Pods-resources.sh\"\n";
			showEnvVarsInLog = 0;
		};
/* End PBXShellScriptBuildPhase section */

/* Begin PBXSourcesBuildPhase section */
		6D9010031B4222EC00736223 /* Sources */ = {
			isa = PBXSourcesBuildPhase;
			buildActionMask = 2147483647;
			files = (
				6D7D2CD91B601860005DBBC3 /* RestKitTableViewController.m in Sources */,
				6D9010351B42259100736223 /* SecondViewController.m in Sources */,
				6D7D2CD61B600EF6005DBBC3 /* Program.m in Sources */,
				6DE9E7611B693A2E0067C131 /* Pgm.m in Sources */,
				6DC1A6C01B501D52004B14D9 /* CoursesTableViewController.m in Sources */,
				6DE9E7731B7296950067C131 /* Note.m in Sources */,
				6D9010131B4222EC00736223 /* ViewController.m in Sources */,
				6DE9E7671B6C3CD70067C131 /* iCloudTableViewController.m in Sources */,
				6D9010101B4222EC00736223 /* AppDelegate.m in Sources */,
				6DC1A6C71B5097E8004B14D9 /* Course.m in Sources */,
				6D90100D1B4222EC00736223 /* main.m in Sources */,
				6DE9E7641B697CF40067C131 /* MSSE652TabBarController.m in Sources */,
				6DC1A6BD1B501D38004B14D9 /* ProgramsTableViewController.m in Sources */,
				6DE9E75E1B6847A00067C131 /* TWViewController.m in Sources */,
				6DC1A6CB1B51B176004B14D9 /* CourseDetailViewController.m in Sources */,
				6DE9E75B1B682BCE0067C131 /* FBViewController.m in Sources */,
				6D7D2CCC1B6009D1005DBBC3 /* Model.xcdatamodeld in Sources */,
				6DE9E7761B729D6A0067C131 /* ShowNoteViewController.m in Sources */,
				6DE9E7701B7267810067C131 /* AddNoteTableViewController.m in Sources */,
				6D9010321B42257F00736223 /* FirstViewController.m in Sources */,
			);
			runOnlyForDeploymentPostprocessing = 0;
		};
		6D90101C1B4222EC00736223 /* Sources */ = {
			isa = PBXSourcesBuildPhase;
			buildActionMask = 2147483647;
			files = (
				6D9010271B4222EC00736223 /* msse652Tests.m in Sources */,
			);
			runOnlyForDeploymentPostprocessing = 0;
		};
/* End PBXSourcesBuildPhase section */

/* Begin PBXTargetDependency section */
		6D9010221B4222EC00736223 /* PBXTargetDependency */ = {
			isa = PBXTargetDependency;
			target = 6D9010061B4222EC00736223 /* msse652 */;
			targetProxy = 6D9010211B4222EC00736223 /* PBXContainerItemProxy */;
		};
/* End PBXTargetDependency section */

/* Begin PBXVariantGroup section */
		6D9010141B4222EC00736223 /* Main.storyboard */ = {
			isa = PBXVariantGroup;
			children = (
				6D9010151B4222EC00736223 /* Base */,
			);
			name = Main.storyboard;
			sourceTree = "<group>";
		};
		6D9010191B4222EC00736223 /* LaunchScreen.xib */ = {
			isa = PBXVariantGroup;
			children = (
				6D90101A1B4222EC00736223 /* Base */,
			);
			name = LaunchScreen.xib;
			sourceTree = "<group>";
		};
/* End PBXVariantGroup section */

/* Begin XCBuildConfiguration section */
		6D9010281B4222EC00736223 /* Debug */ = {
			isa = XCBuildConfiguration;
			buildSettings = {
				ALWAYS_SEARCH_USER_PATHS = NO;
				CLANG_CXX_LANGUAGE_STANDARD = "gnu++0x";
				CLANG_CXX_LIBRARY = "libc++";
				CLANG_ENABLE_MODULES = YES;
				CLANG_ENABLE_OBJC_ARC = YES;
				CLANG_WARN_BOOL_CONVERSION = YES;
				CLANG_WARN_CONSTANT_CONVERSION = YES;
				CLANG_WARN_DIRECT_OBJC_ISA_USAGE = YES_ERROR;
				CLANG_WARN_EMPTY_BODY = YES;
				CLANG_WARN_ENUM_CONVERSION = YES;
				CLANG_WARN_INT_CONVERSION = YES;
				CLANG_WARN_OBJC_ROOT_CLASS = YES_ERROR;
				CLANG_WARN_UNREACHABLE_CODE = YES;
				CLANG_WARN__DUPLICATE_METHOD_MATCH = YES;
				"CODE_SIGN_IDENTITY[sdk=iphoneos*]" = "iPhone Developer";
				COPY_PHASE_STRIP = NO;
				DEBUG_INFORMATION_FORMAT = "dwarf-with-dsym";
				ENABLE_STRICT_OBJC_MSGSEND = YES;
				GCC_C_LANGUAGE_STANDARD = gnu99;
				GCC_DYNAMIC_NO_PIC = NO;
				GCC_NO_COMMON_BLOCKS = YES;
				GCC_OPTIMIZATION_LEVEL = 0;
				GCC_PREPROCESSOR_DEFINITIONS = (
					"DEBUG=1",
					"$(inherited)",
				);
				GCC_SYMBOLS_PRIVATE_EXTERN = NO;
				GCC_WARN_64_TO_32_BIT_CONVERSION = YES;
				GCC_WARN_ABOUT_RETURN_TYPE = YES_ERROR;
				GCC_WARN_UNDECLARED_SELECTOR = YES;
				GCC_WARN_UNINITIALIZED_AUTOS = YES_AGGRESSIVE;
				GCC_WARN_UNUSED_FUNCTION = YES;
				GCC_WARN_UNUSED_VARIABLE = YES;
				IPHONEOS_DEPLOYMENT_TARGET = 8.3;
				MTL_ENABLE_DEBUG_INFO = YES;
				ONLY_ACTIVE_ARCH = YES;
				SDKROOT = iphoneos;
			};
			name = Debug;
		};
		6D9010291B4222EC00736223 /* Release */ = {
			isa = XCBuildConfiguration;
			buildSettings = {
				ALWAYS_SEARCH_USER_PATHS = NO;
				CLANG_CXX_LANGUAGE_STANDARD = "gnu++0x";
				CLANG_CXX_LIBRARY = "libc++";
				CLANG_ENABLE_MODULES = YES;
				CLANG_ENABLE_OBJC_ARC = YES;
				CLANG_WARN_BOOL_CONVERSION = YES;
				CLANG_WARN_CONSTANT_CONVERSION = YES;
				CLANG_WARN_DIRECT_OBJC_ISA_USAGE = YES_ERROR;
				CLANG_WARN_EMPTY_BODY = YES;
				CLANG_WARN_ENUM_CONVERSION = YES;
				CLANG_WARN_INT_CONVERSION = YES;
				CLANG_WARN_OBJC_ROOT_CLASS = YES_ERROR;
				CLANG_WARN_UNREACHABLE_CODE = YES;
				CLANG_WARN__DUPLICATE_METHOD_MATCH = YES;
				"CODE_SIGN_IDENTITY[sdk=iphoneos*]" = "iPhone Developer";
				COPY_PHASE_STRIP = NO;
				DEBUG_INFORMATION_FORMAT = "dwarf-with-dsym";
				ENABLE_NS_ASSERTIONS = NO;
				ENABLE_STRICT_OBJC_MSGSEND = YES;
				GCC_C_LANGUAGE_STANDARD = gnu99;
				GCC_NO_COMMON_BLOCKS = YES;
				GCC_WARN_64_TO_32_BIT_CONVERSION = YES;
				GCC_WARN_ABOUT_RETURN_TYPE = YES_ERROR;
				GCC_WARN_UNDECLARED_SELECTOR = YES;
				GCC_WARN_UNINITIALIZED_AUTOS = YES_AGGRESSIVE;
				GCC_WARN_UNUSED_FUNCTION = YES;
				GCC_WARN_UNUSED_VARIABLE = YES;
				IPHONEOS_DEPLOYMENT_TARGET = 8.3;
				MTL_ENABLE_DEBUG_INFO = NO;
				SDKROOT = iphoneos;
				VALIDATE_PRODUCT = YES;
			};
			name = Release;
		};
		6D90102B1B4222EC00736223 /* Debug */ = {
			isa = XCBuildConfiguration;
			baseConfigurationReference = 107145F537688B660CF14D6E /* Pods.debug.xcconfig */;
			buildSettings = {
				ASSETCATALOG_COMPILER_APPICON_NAME = AppIcon;
				CODE_SIGN_ENTITLEMENTS = msse652/msse652.entitlements;
				CODE_SIGN_IDENTITY = "iPhone Developer";
				"CODE_SIGN_IDENTITY[sdk=iphoneos*]" = "iPhone Developer";
				HEADER_SEARCH_PATHS = (
					"$(inherited)",
					"\"${PODS_ROOT}/Headers/Public\"",
					"\"${PODS_ROOT}/Headers/Public/AFNetworking\"",
					"\"${PODS_ROOT}/Headers/Public/ISO8601DateFormatterValueTransformer\"",
					"\"${PODS_ROOT}/Headers/Public/RKValueTransformers\"",
					"\"${PODS_ROOT}/Headers/Public/RestKit\"",
					"\"${PODS_ROOT}/Headers/Public/RestKit/CoreData\"",
					"\"${PODS_ROOT}/Headers/Public/RestKit/Network\"",
					"\"${PODS_ROOT}/Headers/Public/RestKit/ObjectMapping\"",
					"\"${PODS_ROOT}/Headers/Public/RestKit/Support\"",
					"\"${PODS_ROOT}/Headers/Public/SOCKit\"",
					"\"${PODS_ROOT}/Headers/Public/TransitionKit\"",
					"\"${PODS_ROOT}/Headers/Public/Vendor/LibComponentLogging/Core\"",
					"\"$(BUILT_PRODUCTS_DIR/../../Headers\"",
				);
				INFOPLIST_FILE = msse652/Info.plist;
				LD_MAP_FILE_PATH = "-ObjC -all_load";
				LD_RUNPATH_SEARCH_PATHS = "$(inherited) @executable_path/Frameworks";
				LIBRARY_SEARCH_PATHS = (
					"$(inherited)",
					"$(PROJECT_DIR)/build/Debug-iphoneos",
				);
				OTHER_LDFLAGS = (
					"$(inherited)",
					"-ObjC",
					"-l\"AFNetworking\"",
					"-l\"ISO8601DateFormatterValueTransformer\"",
					"-l\"RKValueTransformers\"",
					"-l\"RestKit\"",
					"-l\"SOCKit\"",
					"-l\"TransitionKit\"",
					"-framework",
					"\"CFNetwork\"",
					"-framework",
					"\"CoreData\"",
					"-framework",
					"\"CoreGraphics\"",
					"-framework",
					"\"MobileCoreServices\"",
					"-framework",
					"\"Security\"",
					"-framework",
					"\"SystemConfiguration\"",
					"-ObjC",
					"-all_load",
				);
				PRODUCT_NAME = "$(TARGET_NAME)";
				PROVISIONING_PROFILE = "";
			};
			name = Debug;
		};
		6D90102C1B4222EC00736223 /* Release */ = {
			isa = XCBuildConfiguration;
			baseConfigurationReference = AFCEA944CABEF99B85F27668 /* Pods.release.xcconfig */;
			buildSettings = {
				ASSETCATALOG_COMPILER_APPICON_NAME = AppIcon;
				CODE_SIGN_ENTITLEMENTS = msse652/msse652.entitlements;
				CODE_SIGN_IDENTITY = "iPhone Developer";
				"CODE_SIGN_IDENTITY[sdk=iphoneos*]" = "iPhone Developer";
				HEADER_SEARCH_PATHS = (
					"$(inherited)",
					"\"${PODS_ROOT}/Headers/Public\"",
					"\"${PODS_ROOT}/Headers/Public/AFNetworking\"",
					"\"${PODS_ROOT}/Headers/Public/ISO8601DateFormatterValueTransformer\"",
					"\"${PODS_ROOT}/Headers/Public/RKValueTransformers\"",
					"\"${PODS_ROOT}/Headers/Public/RestKit\"",
					"\"${PODS_ROOT}/Headers/Public/RestKit/CoreData\"",
					"\"${PODS_ROOT}/Headers/Public/RestKit/Network\"",
					"\"${PODS_ROOT}/Headers/Public/RestKit/ObjectMapping\"",
					"\"${PODS_ROOT}/Headers/Public/RestKit/Support\"",
					"\"${PODS_ROOT}/Headers/Public/SOCKit\"",
					"\"${PODS_ROOT}/Headers/Public/TransitionKit\"",
					"\"${PODS_ROOT}/Headers/Public/Vendor/LibComponentLogging/Core\"",
					"\"$(BUILT_PRODUCTS_DIR/../../Headers\"",
				);
				INFOPLIST_FILE = msse652/Info.plist;
				LD_MAP_FILE_PATH = "-ObjC -all_load";
				LD_RUNPATH_SEARCH_PATHS = "$(inherited) @executable_path/Frameworks";
				LIBRARY_SEARCH_PATHS = (
					"$(inherited)",
					"$(PROJECT_DIR)/build/Debug-iphoneos",
				);
				OTHER_LDFLAGS = (
					"$(inherited)",
					"-ObjC",
					"-l\"AFNetworking\"",
					"-l\"ISO8601DateFormatterValueTransformer\"",
					"-l\"RKValueTransformers\"",
					"-l\"RestKit\"",
					"-l\"SOCKit\"",
					"-l\"TransitionKit\"",
					"-framework",
					"\"CFNetwork\"",
					"-framework",
					"\"CoreData\"",
					"-framework",
					"\"CoreGraphics\"",
					"-framework",
					"\"MobileCoreServices\"",
					"-framework",
					"\"Security\"",
					"-framework",
					"\"SystemConfiguration\"",
					"-ObjC",
					"-all_load",
				);
				PRODUCT_NAME = "$(TARGET_NAME)";
				PROVISIONING_PROFILE = "";
			};
			name = Release;
		};
		6D90102E1B4222EC00736223 /* Debug */ = {
			isa = XCBuildConfiguration;
			buildSettings = {
				BUNDLE_LOADER = "$(TEST_HOST)";
				FRAMEWORK_SEARCH_PATHS = (
					"$(SDKROOT)/Developer/Library/Frameworks",
					"$(inherited)",
				);
				GCC_PREPROCESSOR_DEFINITIONS = (
					"DEBUG=1",
					"$(inherited)",
				);
				INFOPLIST_FILE = msse652Tests/Info.plist;
				LD_RUNPATH_SEARCH_PATHS = "$(inherited) @executable_path/Frameworks @loader_path/Frameworks";
				PRODUCT_NAME = "$(TARGET_NAME)";
				TEST_HOST = "$(BUILT_PRODUCTS_DIR)/msse652.app/msse652";
			};
			name = Debug;
		};
		6D90102F1B4222EC00736223 /* Release */ = {
			isa = XCBuildConfiguration;
			buildSettings = {
				BUNDLE_LOADER = "$(TEST_HOST)";
				FRAMEWORK_SEARCH_PATHS = (
					"$(SDKROOT)/Developer/Library/Frameworks",
					"$(inherited)",
				);
				INFOPLIST_FILE = msse652Tests/Info.plist;
				LD_RUNPATH_SEARCH_PATHS = "$(inherited) @executable_path/Frameworks @loader_path/Frameworks";
				PRODUCT_NAME = "$(TARGET_NAME)";
				TEST_HOST = "$(BUILT_PRODUCTS_DIR)/msse652.app/msse652";
			};
			name = Release;
		};
/* End XCBuildConfiguration section */

/* Begin XCConfigurationList section */
		6D9010021B4222EC00736223 /* Build configuration list for PBXProject "msse652" */ = {
			isa = XCConfigurationList;
			buildConfigurations = (
				6D9010281B4222EC00736223 /* Debug */,
				6D9010291B4222EC00736223 /* Release */,
			);
			defaultConfigurationIsVisible = 0;
			defaultConfigurationName = Release;
		};
		6D90102A1B4222EC00736223 /* Build configuration list for PBXNativeTarget "msse652" */ = {
			isa = XCConfigurationList;
			buildConfigurations = (
				6D90102B1B4222EC00736223 /* Debug */,
				6D90102C1B4222EC00736223 /* Release */,
			);
			defaultConfigurationIsVisible = 0;
			defaultConfigurationName = Release;
		};
		6D90102D1B4222EC00736223 /* Build configuration list for PBXNativeTarget "msse652Tests" */ = {
			isa = XCConfigurationList;
			buildConfigurations = (
				6D90102E1B4222EC00736223 /* Debug */,
				6D90102F1B4222EC00736223 /* Release */,
			);
			defaultConfigurationIsVisible = 0;
			defaultConfigurationName = Release;
		};
/* End XCConfigurationList section */

/* Begin XCVersionGroup section */
		6D7D2CCA1B6009D1005DBBC3 /* Model.xcdatamodeld */ = {
			isa = XCVersionGroup;
			children = (
				6D7D2CCB1B6009D1005DBBC3 /* Model.xcdatamodel */,
			);
			currentVersion = 6D7D2CCB1B6009D1005DBBC3 /* Model.xcdatamodel */;
			path = Model.xcdatamodeld;
			sourceTree = "<group>";
			versionGroupType = wrapper.xcdatamodel;
		};
/* End XCVersionGroup section */
	};
	rootObject = 6D900FFF1B4222EC00736223 /* Project object */;
}
