// !$*UTF8*$!
{
	archiveVersion = 1;
	classes = {
	};
	objectVersion = 46;
	objects = {

/* Begin PBXBuildFile section */
		6D90100D1B4222EC00736223 /* main.m in Sources */ = {isa = PBXBuildFile; fileRef = 6D90100C1B4222EC00736223 /* main.m */; };
		6D9010101B4222EC00736223 /* AppDelegate.m in Sources */ = {isa = PBXBuildFile; fileRef = 6D90100F1B4222EC00736223 /* AppDelegate.m */; };
		6D9010131B4222EC00736223 /* ViewController.m in Sources */ = {isa = PBXBuildFile; fileRef = 6D9010121B4222EC00736223 /* ViewController.m */; };
		6D9010161B4222EC00736223 /* Main.storyboard in Resources */ = {isa = PBXBuildFile; fileRef = 6D9010141B4222EC00736223 /* Main.storyboard */; };
		6D9010181B4222EC00736223 /* Images.xcassets in Resources */ = {isa = PBXBuildFile; fileRef = 6D9010171B4222EC00736223 /* Images.xcassets */; };
		6D90101B1B4222EC00736223 /* LaunchScreen.xib in Resources */ = {isa = PBXBuildFile; fileRef = 6D9010191B4222EC00736223 /* LaunchScreen.xib */; };
		6D9010271B4222EC00736223 /* msse652Tests.m in Sources */ = {isa = PBXBuildFile; fileRef = 6D9010261B4222EC00736223 /* msse652Tests.m */; };
		6D9010321B42257F00736223 /* FirstViewController.m in Sources */ = {isa = PBXBuildFile; fileRef = 6D9010311B42257F00736223 /* FirstViewController.m */; };
		6D9010351B42259100736223 /* SecondViewController.m in Sources */ = {isa = PBXBuildFile; fileRef = 6D9010341B42259100736223 /* SecondViewController.m */; };
/* End PBXBuildFile section */

/* Begin PBXContainerItemProxy section */
		6D9010211B4222EC00736223 /* PBXContainerItemProxy */ = {
			isa = PBXContainerItemProxy;
			containerPortal = 6D900FFF1B4222EC00736223 /* Project object */;
			proxyType = 1;
			remoteGlobalIDString = 6D9010061B4222EC00736223;
			remoteInfo = msse652;
		};
/* End PBXContainerItemProxy section */

/* Begin PBXFileReference section */
		6D9010071B4222EC00736223 /* msse652.app */ = {isa = PBXFileReference; explicitFileType = wrapper.application; includeInIndex = 0; path = msse652.app; sourceTree = BUILT_PRODUCTS_DIR; };
		6D90100B1B4222EC00736223 /* Info.plist */ = {isa = PBXFileReference; lastKnownFileType = text.plist.xml; path = Info.plist; sourceTree = "<group>"; };
		6D90100C1B4222EC00736223 /* main.m */ = {isa = PBXFileReference; lastKnownFileType = sourcecode.c.objc; path = main.m; sourceTree = "<group>"; };
		6D90100E1B4222EC00736223 /* AppDelegate.h */ = {isa = PBXFileReference; lastKnownFileType = sourcecode.c.h; path = AppDelegate.h; sourceTree = "<group>"; };
		6D90100F1B4222EC00736223 /* AppDelegate.m */ = {isa = PBXFileReference; lastKnownFileType = sourcecode.c.objc; path = AppDelegate.m; sourceTree = "<group>"; };
		6D9010111B4222EC00736223 /* ViewController.h */ = {isa = PBXFileReference; lastKnownFileType = sourcecode.c.h; path = ViewController.h; sourceTree = "<group>"; };
		6D9010121B4222EC00736223 /* ViewController.m */ = {isa = PBXFileReference; lastKnownFileType = sourcecode.c.objc; path = ViewController.m; sourceTree = "<group>"; };
		6D9010151B4222EC00736223 /* Base */ = {isa = PBXFileReference; lastKnownFileType = file.storyboard; name = Base; path = Base.lproj/Main.storyboard; sourceTree = "<group>"; };
		6D9010171B4222EC00736223 /* Images.xcassets */ = {isa = PBXFileReference; lastKnownFileType = folder.assetcatalog; path = Images.xcassets; sourceTree = "<group>"; };
		6D90101A1B4222EC00736223 /* Base */ = {isa = PBXFileReference; lastKnownFileType = file.xib; name = Base; path = Base.lproj/LaunchScreen.xib; sourceTree = "<group>"; };
		6D9010201B4222EC00736223 /* msse652Tests.xctest */ = {isa = PBXFileReference; explicitFileType = wrapper.cfbundle; includeInIndex = 0; path = msse652Tests.xctest; sourceTree = BUILT_PRODUCTS_DIR; };
		6D9010251B4222EC00736223 /* Info.plist */ = {isa = PBXFileReference; lastKnownFileType = text.plist.xml; path = Info.plist; sourceTree = "<group>"; };
		6D9010261B4222EC00736223 /* msse652Tests.m */ = {isa = PBXFileReference; lastKnownFileType = sourcecode.c.objc; path = msse652Tests.m; sourceTree = "<group>"; };
		6D9010301B42257F00736223 /* FirstViewController.h */ = {isa = PBXFileReference; fileEncoding = 4; lastKnownFileType = sourcecode.c.h; path = FirstViewController.h; sourceTree = "<group>"; };
		6D9010311B42257F00736223 /* FirstViewController.m */ = {isa = PBXFileReference; fileEncoding = 4; lastKnownFileType = sourcecode.c.objc; path = FirstViewController.m; sourceTree = "<group>"; };
		6D9010331B42259100736223 /* SecondViewController.h */ = {isa = PBXFileReference; fileEncoding = 4; lastKnownFileType = sourcecode.c.h; path = SecondViewController.h; sourceTree = "<group>"; };
		6D9010341B42259100736223 /* SecondViewController.m */ = {isa = PBXFileReference; fileEncoding = 4; lastKnownFileType = sourcecode.c.objc; path = SecondViewController.m; sourceTree = "<group>"; };
/* End PBXFileReference section */

/* Begin PBXFrameworksBuildPhase section */
		6D9010041B4222EC00736223 /* Frameworks */ = {
			isa = PBXFrameworksBuildPhase;
			buildActionMask = 2147483647;
			files = (
			);
			runOnlyForDeploymentPostprocessing = 0;
		};
		6D90101D1B4222EC00736223 /* Frameworks */ = {
			isa = PBXFrameworksBuildPhase;
			buildActionMask = 2147483647;
			files = (
			);
			runOnlyForDeploymentPostprocessing = 0;
		};
/* End PBXFrameworksBuildPhase section */

/* Begin PBXGroup section */
		6D900FFE1B4222EC00736223 = {
			isa = PBXGroup;
			children = (
				6D9010091B4222EC00736223 /* msse652 */,
				6D9010231B4222EC00736223 /* msse652Tests */,
				6D9010081B4222EC00736223 /* Products */,
			);
			sourceTree = "<group>";
		};
		6D9010081B4222EC00736223 /* Products */ = {
			isa = PBXGroup;
			children = (
				6D9010071B4222EC00736223 /* msse652.app */,
				6D9010201B4222EC00736223 /* msse652Tests.xctest */,
			);
			name = Products;
			sourceTree = "<group>";
		};
		6D9010091B4222EC00736223 /* msse652 */ = {
			isa = PBXGroup;
			children = (
				6D90100E1B4222EC00736223 /* AppDelegate.h */,
				6D90100F1B4222EC00736223 /* AppDelegate.m */,
				6D9010111B4222EC00736223 /* ViewController.h */,
				6D9010121B4222EC00736223 /* ViewController.m */,
				6D9010141B4222EC00736223 /* Main.storyboard */,
				6D9010301B42257F00736223 /* FirstViewController.h */,
				6D9010311B42257F00736223 /* FirstViewController.m */,
				6D9010331B42259100736223 /* SecondViewController.h */,
				6D9010341B42259100736223 /* SecondViewController.m */,
				6D9010171B4222EC00736223 /* Images.xcassets */,
				6D9010191B4222EC00736223 /* LaunchScreen.xib */,
				6D90100A1B4222EC00736223 /* Supporting Files */,
			);
			path = msse652;
			sourceTree = "<group>";
		};
		6D90100A1B4222EC00736223 /* Supporting Files */ = {
			isa = PBXGroup;
			children = (
				6D90100B1B4222EC00736223 /* Info.plist */,
				6D90100C1B4222EC00736223 /* main.m */,
			);
			name = "Supporting Files";
			sourceTree = "<group>";
		};
		6D9010231B4222EC00736223 /* msse652Tests */ = {
			isa = PBXGroup;
			children = (
				6D9010261B4222EC00736223 /* msse652Tests.m */,
				6D9010241B4222EC00736223 /* Supporting Files */,
			);
			path = msse652Tests;
			sourceTree = "<group>";
		};
		6D9010241B4222EC00736223 /* Supporting Files */ = {
			isa = PBXGroup;
			children = (
				6D9010251B4222EC00736223 /* Info.plist */,
			);
			name = "Supporting Files";
			sourceTree = "<group>";
		};
/* End PBXGroup section */

/* Begin PBXNativeTarget section */
		6D9010061B4222EC00736223 /* msse652 */ = {
			isa = PBXNativeTarget;
			buildConfigurationList = 6D90102A1B4222EC00736223 /* Build configuration list for PBXNativeTarget "msse652" */;
			buildPhases = (
				6D9010031B4222EC00736223 /* Sources */,
				6D9010041B4222EC00736223 /* Frameworks */,
				6D9010051B4222EC00736223 /* Resources */,
			);
			buildRules = (
			);
			dependencies = (
			);
			name = msse652;
			productName = msse652;
			productReference = 6D9010071B4222EC00736223 /* msse652.app */;
			productType = "com.apple.product-type.application";
		};
		6D90101F1B4222EC00736223 /* msse652Tests */ = {
			isa = PBXNativeTarget;
			buildConfigurationList = 6D90102D1B4222EC00736223 /* Build configuration list for PBXNativeTarget "msse652Tests" */;
			buildPhases = (
				6D90101C1B4222EC00736223 /* Sources */,
				6D90101D1B4222EC00736223 /* Frameworks */,
				6D90101E1B4222EC00736223 /* Resources */,
			);
			buildRules = (
			);
			dependencies = (
				6D9010221B4222EC00736223 /* PBXTargetDependency */,
			);
			name = msse652Tests;
			productName = msse652Tests;
			productReference = 6D9010201B4222EC00736223 /* msse652Tests.xctest */;
			productType = "com.apple.product-type.bundle.unit-test";
		};
/* End PBXNativeTarget section */

/* Begin PBXProject section */
		6D900FFF1B4222EC00736223 /* Project object */ = {
			isa = PBXProject;
			attributes = {
				LastUpgradeCheck = 0630;
				ORGANIZATIONNAME = msse650;
				TargetAttributes = {
					6D9010061B4222EC00736223 = {
						CreatedOnToolsVersion = 6.3.2;
					};
					6D90101F1B4222EC00736223 = {
						CreatedOnToolsVersion = 6.3.2;
						TestTargetID = 6D9010061B4222EC00736223;
					};
				};
			};
			buildConfigurationList = 6D9010021B4222EC00736223 /* Build configuration list for PBXProject "msse652" */;
			compatibilityVersion = "Xcode 3.2";
			developmentRegion = English;
			hasScannedForEncodings = 0;
			knownRegions = (
				en,
				Base,
			);
			mainGroup = 6D900FFE1B4222EC00736223;
			productRefGroup = 6D9010081B4222EC00736223 /* Products */;
			projectDirPath = "";
			projectRoot = "";
			targets = (
				6D9010061B4222EC00736223 /* msse652 */,
				6D90101F1B4222EC00736223 /* msse652Tests */,
			);
		};
/* End PBXProject section */

/* Begin PBXResourcesBuildPhase section */
		6D9010051B4222EC00736223 /* Resources */ = {
			isa = PBXResourcesBuildPhase;
			buildActionMask = 2147483647;
			files = (
				6D9010161B4222EC00736223 /* Main.storyboard in Resources */,
				6D90101B1B4222EC00736223 /* LaunchScreen.xib in Resources */,
				6D9010181B4222EC00736223 /* Images.xcassets in Resources */,
			);
			runOnlyForDeploymentPostprocessing = 0;
		};
		6D90101E1B4222EC00736223 /* Resources */ = {
			isa = PBXResourcesBuildPhase;
			buildActionMask = 2147483647;
			files = (
			);
			runOnlyForDeploymentPostprocessing = 0;
		};
/* End PBXResourcesBuildPhase section */

/* Begin PBXSourcesBuildPhase section */
		6D9010031B4222EC00736223 /* Sources */ = {
			isa = PBXSourcesBuildPhase;
			buildActionMask = 2147483647;
			files = (
				6D9010351B42259100736223 /* SecondViewController.m in Sources */,
				6D9010131B4222EC00736223 /* ViewController.m in Sources */,
				6D9010101B4222EC00736223 /* AppDelegate.m in Sources */,
				6D90100D1B4222EC00736223 /* main.m in Sources */,
				6D9010321B42257F00736223 /* FirstViewController.m in Sources */,
			);
			runOnlyForDeploymentPostprocessing = 0;
		};
		6D90101C1B4222EC00736223 /* Sources */ = {
			isa = PBXSourcesBuildPhase;
			buildActionMask = 2147483647;
			files = (
				6D9010271B4222EC00736223 /* msse652Tests.m in Sources */,
			);
			runOnlyForDeploymentPostprocessing = 0;
		};
/* End PBXSourcesBuildPhase section */

/* Begin PBXTargetDependency section */
		6D9010221B4222EC00736223 /* PBXTargetDependency */ = {
			isa = PBXTargetDependency;
			target = 6D9010061B4222EC00736223 /* msse652 */;
			targetProxy = 6D9010211B4222EC00736223 /* PBXContainerItemProxy */;
		};
/* End PBXTargetDependency section */

/* Begin PBXVariantGroup section */
		6D9010141B4222EC00736223 /* Main.storyboard */ = {
			isa = PBXVariantGroup;
			children = (
				6D9010151B4222EC00736223 /* Base */,
			);
			name = Main.storyboard;
			sourceTree = "<group>";
		};
		6D9010191B4222EC00736223 /* LaunchScreen.xib */ = {
			isa = PBXVariantGroup;
			children = (
				6D90101A1B4222EC00736223 /* Base */,
			);
			name = LaunchScreen.xib;
			sourceTree = "<group>";
		};
/* End PBXVariantGroup section */

/* Begin XCBuildConfiguration section */
		6D9010281B4222EC00736223 /* Debug */ = {
			isa = XCBuildConfiguration;
			buildSettings = {
				ALWAYS_SEARCH_USER_PATHS = NO;
				CLANG_CXX_LANGUAGE_STANDARD = "gnu++0x";
				CLANG_CXX_LIBRARY = "libc++";
				CLANG_ENABLE_MODULES = YES;
				CLANG_ENABLE_OBJC_ARC = YES;
				CLANG_WARN_BOOL_CONVERSION = YES;
				CLANG_WARN_CONSTANT_CONVERSION = YES;
				CLANG_WARN_DIRECT_OBJC_ISA_USAGE = YES_ERROR;
				CLANG_WARN_EMPTY_BODY = YES;
				CLANG_WARN_ENUM_CONVERSION = YES;
				CLANG_WARN_INT_CONVERSION = YES;
				CLANG_WARN_OBJC_ROOT_CLASS = YES_ERROR;
				CLANG_WARN_UNREACHABLE_CODE = YES;
				CLANG_WARN__DUPLICATE_METHOD_MATCH = YES;
				"CODE_SIGN_IDENTITY[sdk=iphoneos*]" = "iPhone Developer";
				COPY_PHASE_STRIP = NO;
				DEBUG_INFORMATION_FORMAT = "dwarf-with-dsym";
				ENABLE_STRICT_OBJC_MSGSEND = YES;
				GCC_C_LANGUAGE_STANDARD = gnu99;
				GCC_DYNAMIC_NO_PIC = NO;
				GCC_NO_COMMON_BLOCKS = YES;
				GCC_OPTIMIZATION_LEVEL = 0;
				GCC_PREPROCESSOR_DEFINITIONS = (
					"DEBUG=1",
					"$(inherited)",
				);
				GCC_SYMBOLS_PRIVATE_EXTERN = NO;
				GCC_WARN_64_TO_32_BIT_CONVERSION = YES;
				GCC_WARN_ABOUT_RETURN_TYPE = YES_ERROR;
				GCC_WARN_UNDECLARED_SELECTOR = YES;
				GCC_WARN_UNINITIALIZED_AUTOS = YES_AGGRESSIVE;
				GCC_WARN_UNUSED_FUNCTION = YES;
				GCC_WARN_UNUSED_VARIABLE = YES;
				IPHONEOS_DEPLOYMENT_TARGET = 8.3;
				MTL_ENABLE_DEBUG_INFO = YES;
				ONLY_ACTIVE_ARCH = YES;
				SDKROOT = iphoneos;
			};
			name = Debug;
		};
		6D9010291B4222EC00736223 /* Release */ = {
			isa = XCBuildConfiguration;
			buildSettings = {
				ALWAYS_SEARCH_USER_PATHS = NO;
				CLANG_CXX_LANGUAGE_STANDARD = "gnu++0x";
				CLANG_CXX_LIBRARY = "libc++";
				CLANG_ENABLE_MODULES = YES;
				CLANG_ENABLE_OBJC_ARC = YES;
				CLANG_WARN_BOOL_CONVERSION = YES;
				CLANG_WARN_CONSTANT_CONVERSION = YES;
				CLANG_WARN_DIRECT_OBJC_ISA_USAGE = YES_ERROR;
				CLANG_WARN_EMPTY_BODY = YES;
				CLANG_WARN_ENUM_CONVERSION = YES;
				CLANG_WARN_INT_CONVERSION = YES;
				CLANG_WARN_OBJC_ROOT_CLASS = YES_ERROR;
				CLANG_WARN_UNREACHABLE_CODE = YES;
				CLANG_WARN__DUPLICATE_METHOD_MATCH = YES;
				"CODE_SIGN_IDENTITY[sdk=iphoneos*]" = "iPhone Developer";
				COPY_PHASE_STRIP = NO;
				DEBUG_INFORMATION_FORMAT = "dwarf-with-dsym";
				ENABLE_NS_ASSERTIONS = NO;
				ENABLE_STRICT_OBJC_MSGSEND = YES;
				GCC_C_LANGUAGE_STANDARD = gnu99;
				GCC_NO_COMMON_BLOCKS = YES;
				GCC_WARN_64_TO_32_BIT_CONVERSION = YES;
				GCC_WARN_ABOUT_RETURN_TYPE = YES_ERROR;
				GCC_WARN_UNDECLARED_SELECTOR = YES;
				GCC_WARN_UNINITIALIZED_AUTOS = YES_AGGRESSIVE;
				GCC_WARN_UNUSED_FUNCTION = YES;
				GCC_WARN_UNUSED_VARIABLE = YES;
				IPHONEOS_DEPLOYMENT_TARGET = 8.3;
				MTL_ENABLE_DEBUG_INFO = NO;
				SDKROOT = iphoneos;
				VALIDATE_PRODUCT = YES;
			};
			name = Release;
		};
		6D90102B1B4222EC00736223 /* Debug */ = {
			isa = XCBuildConfiguration;
			buildSettings = {
				ASSETCATALOG_COMPILER_APPICON_NAME = AppIcon;
				INFOPLIST_FILE = msse652/Info.plist;
				LD_RUNPATH_SEARCH_PATHS = "$(inherited) @executable_path/Frameworks";
				PRODUCT_NAME = "$(TARGET_NAME)";
			};
			name = Debug;
		};
		6D90102C1B4222EC00736223 /* Release */ = {
			isa = XCBuildConfiguration;
			buildSettings = {
				ASSETCATALOG_COMPILER_APPICON_NAME = AppIcon;
				INFOPLIST_FILE = msse652/Info.plist;
				LD_RUNPATH_SEARCH_PATHS = "$(inherited) @executable_path/Frameworks";
				PRODUCT_NAME = "$(TARGET_NAME)";
			};
			name = Release;
		};
		6D90102E1B4222EC00736223 /* Debug */ = {
			isa = XCBuildConfiguration;
			buildSettings = {
				BUNDLE_LOADER = "$(TEST_HOST)";
				FRAMEWORK_SEARCH_PATHS = (
					"$(SDKROOT)/Developer/Library/Frameworks",
					"$(inherited)",
				);
				GCC_PREPROCESSOR_DEFINITIONS = (
					"DEBUG=1",
					"$(inherited)",
				);
				INFOPLIST_FILE = msse652Tests/Info.plist;
				LD_RUNPATH_SEARCH_PATHS = "$(inherited) @executable_path/Frameworks @loader_path/Frameworks";
				PRODUCT_NAME = "$(TARGET_NAME)";
				TEST_HOST = "$(BUILT_PRODUCTS_DIR)/msse652.app/msse652";
			};
			name = Debug;
		};
		6D90102F1B4222EC00736223 /* Release */ = {
			isa = XCBuildConfiguration;
			buildSettings = {
				BUNDLE_LOADER = "$(TEST_HOST)";
				FRAMEWORK_SEARCH_PATHS = (
					"$(SDKROOT)/Developer/Library/Frameworks",
					"$(inherited)",
				);
				INFOPLIST_FILE = msse652Tests/Info.plist;
				LD_RUNPATH_SEARCH_PATHS = "$(inherited) @executable_path/Frameworks @loader_path/Frameworks";
				PRODUCT_NAME = "$(TARGET_NAME)";
				TEST_HOST = "$(BUILT_PRODUCTS_DIR)/msse652.app/msse652";
			};
			name = Release;
		};
/* End XCBuildConfiguration section */

/* Begin XCConfigurationList section */
		6D9010021B4222EC00736223 /* Build configuration list for PBXProject "msse652" */ = {
			isa = XCConfigurationList;
			buildConfigurations = (
				6D9010281B4222EC00736223 /* Debug */,
				6D9010291B4222EC00736223 /* Release */,
			);
			defaultConfigurationIsVisible = 0;
			defaultConfigurationName = Release;
		};
		6D90102A1B4222EC00736223 /* Build configuration list for PBXNativeTarget "msse652" */ = {
			isa = XCConfigurationList;
			buildConfigurations = (
				6D90102B1B4222EC00736223 /* Debug */,
				6D90102C1B4222EC00736223 /* Release */,
			);
			defaultConfigurationIsVisible = 0;
		};
		6D90102D1B4222EC00736223 /* Build configuration list for PBXNativeTarget "msse652Tests" */ = {
			isa = XCConfigurationList;
			buildConfigurations = (
				6D90102E1B4222EC00736223 /* Debug */,
				6D90102F1B4222EC00736223 /* Release */,
			);
			defaultConfigurationIsVisible = 0;
		};
/* End XCConfigurationList section */
	};
	rootObject = 6D900FFF1B4222EC00736223 /* Project object */;
}
